// !$*UTF8*$!
{
	archiveVersion = 1;
	classes = {
	};
	objectVersion = 56;
	objects = {

/* Begin PBXBuildFile section */
		6C12CF862B8464D5005FA8A3 /* RealityKitContent in Frameworks */ = {isa = PBXBuildFile; productRef = 6C12CF852B8464D5005FA8A3 /* RealityKitContent */; };
		6C12CF882B8464D5005FA8A3 /* BatteryLevelWidgetApp.swift in Sources */ = {isa = PBXBuildFile; fileRef = 6C12CF872B8464D5005FA8A3 /* BatteryLevelWidgetApp.swift */; };
		6C12CF8A2B8464D5005FA8A3 /* ContentView.swift in Sources */ = {isa = PBXBuildFile; fileRef = 6C12CF892B8464D5005FA8A3 /* ContentView.swift */; };
		6C12CF8C2B8464D7005FA8A3 /* Assets.xcassets in Resources */ = {isa = PBXBuildFile; fileRef = 6C12CF8B2B8464D7005FA8A3 /* Assets.xcassets */; };
		6C12CF8F2B8464D7005FA8A3 /* Preview Assets.xcassets in Resources */ = {isa = PBXBuildFile; fileRef = 6C12CF8E2B8464D7005FA8A3 /* Preview Assets.xcassets */; };
		6C12CF9A2B8464D7005FA8A3 /* BatteryLevelWidgetTests.swift in Sources */ = {isa = PBXBuildFile; fileRef = 6C12CF992B8464D7005FA8A3 /* BatteryLevelWidgetTests.swift */; };
/* End PBXBuildFile section */

/* Begin PBXContainerItemProxy section */
		6C12CF962B8464D7005FA8A3 /* PBXContainerItemProxy */ = {
			isa = PBXContainerItemProxy;
			containerPortal = 6C12CF782B8464D5005FA8A3 /* Project object */;
			proxyType = 1;
			remoteGlobalIDString = 6C12CF7F2B8464D5005FA8A3;
			remoteInfo = BatteryLevelWidget;
		};
/* End PBXContainerItemProxy section */

/* Begin PBXFileReference section */
		6C12CF802B8464D5005FA8A3 /* BatteryLevelWidget.app */ = {isa = PBXFileReference; explicitFileType = wrapper.application; includeInIndex = 0; path = BatteryLevelWidget.app; sourceTree = BUILT_PRODUCTS_DIR; };
		6C12CF842B8464D5005FA8A3 /* RealityKitContent */ = {isa = PBXFileReference; lastKnownFileType = wrapper; path = RealityKitContent; sourceTree = "<group>"; };
		6C12CF872B8464D5005FA8A3 /* BatteryLevelWidgetApp.swift */ = {isa = PBXFileReference; lastKnownFileType = sourcecode.swift; path = BatteryLevelWidgetApp.swift; sourceTree = "<group>"; };
		6C12CF892B8464D5005FA8A3 /* ContentView.swift */ = {isa = PBXFileReference; lastKnownFileType = sourcecode.swift; path = ContentView.swift; sourceTree = "<group>"; };
		6C12CF8B2B8464D7005FA8A3 /* Assets.xcassets */ = {isa = PBXFileReference; lastKnownFileType = folder.assetcatalog; path = Assets.xcassets; sourceTree = "<group>"; };
		6C12CF8E2B8464D7005FA8A3 /* Preview Assets.xcassets */ = {isa = PBXFileReference; lastKnownFileType = folder.assetcatalog; path = "Preview Assets.xcassets"; sourceTree = "<group>"; };
		6C12CF902B8464D7005FA8A3 /* Info.plist */ = {isa = PBXFileReference; lastKnownFileType = text.plist.xml; path = Info.plist; sourceTree = "<group>"; };
		6C12CF952B8464D7005FA8A3 /* BatteryLevelWidgetTests.xctest */ = {isa = PBXFileReference; explicitFileType = wrapper.cfbundle; includeInIndex = 0; path = BatteryLevelWidgetTests.xctest; sourceTree = BUILT_PRODUCTS_DIR; };
		6C12CF992B8464D7005FA8A3 /* BatteryLevelWidgetTests.swift */ = {isa = PBXFileReference; lastKnownFileType = sourcecode.swift; path = BatteryLevelWidgetTests.swift; sourceTree = "<group>"; };
/* End PBXFileReference section */

/* Begin PBXFrameworksBuildPhase section */
		6C12CF7D2B8464D5005FA8A3 /* Frameworks */ = {
			isa = PBXFrameworksBuildPhase;
			buildActionMask = 2147483647;
			files = (
				6C12CF862B8464D5005FA8A3 /* RealityKitContent in Frameworks */,
			);
			runOnlyForDeploymentPostprocessing = 0;
		};
		6C12CF922B8464D7005FA8A3 /* Frameworks */ = {
			isa = PBXFrameworksBuildPhase;
			buildActionMask = 2147483647;
			files = (
			);
			runOnlyForDeploymentPostprocessing = 0;
		};
/* End PBXFrameworksBuildPhase section */

/* Begin PBXGroup section */
		6C12CF772B8464D5005FA8A3 = {
			isa = PBXGroup;
			children = (
				6C12CF822B8464D5005FA8A3 /* BatteryLevelWidget */,
				6C12CF832B8464D5005FA8A3 /* Packages */,
				6C12CF982B8464D7005FA8A3 /* BatteryLevelWidgetTests */,
				6C12CF812B8464D5005FA8A3 /* Products */,
			);
			sourceTree = "<group>";
		};
		6C12CF812B8464D5005FA8A3 /* Products */ = {
			isa = PBXGroup;
			children = (
				6C12CF802B8464D5005FA8A3 /* BatteryLevelWidget.app */,
				6C12CF952B8464D7005FA8A3 /* BatteryLevelWidgetTests.xctest */,
			);
			name = Products;
			sourceTree = "<group>";
		};
		6C12CF822B8464D5005FA8A3 /* BatteryLevelWidget */ = {
			isa = PBXGroup;
			children = (
				6C12CF872B8464D5005FA8A3 /* BatteryLevelWidgetApp.swift */,
				6C12CF892B8464D5005FA8A3 /* ContentView.swift */,
				6C12CF8B2B8464D7005FA8A3 /* Assets.xcassets */,
				6C12CF902B8464D7005FA8A3 /* Info.plist */,
				6C12CF8D2B8464D7005FA8A3 /* Preview Content */,
			);
			path = BatteryLevelWidget;
			sourceTree = "<group>";
		};
		6C12CF832B8464D5005FA8A3 /* Packages */ = {
			isa = PBXGroup;
			children = (
				6C12CF842B8464D5005FA8A3 /* RealityKitContent */,
			);
			path = Packages;
			sourceTree = "<group>";
		};
		6C12CF8D2B8464D7005FA8A3 /* Preview Content */ = {
			isa = PBXGroup;
			children = (
				6C12CF8E2B8464D7005FA8A3 /* Preview Assets.xcassets */,
			);
			path = "Preview Content";
			sourceTree = "<group>";
		};
		6C12CF982B8464D7005FA8A3 /* BatteryLevelWidgetTests */ = {
			isa = PBXGroup;
			children = (
				6C12CF992B8464D7005FA8A3 /* BatteryLevelWidgetTests.swift */,
			);
			path = BatteryLevelWidgetTests;
			sourceTree = "<group>";
		};
/* End PBXGroup section */

/* Begin PBXNativeTarget section */
		6C12CF7F2B8464D5005FA8A3 /* BatteryLevelWidget */ = {
			isa = PBXNativeTarget;
			buildConfigurationList = 6C12CF9D2B8464D7005FA8A3 /* Build configuration list for PBXNativeTarget "BatteryLevelWidget" */;
			buildPhases = (
				6C12CF7C2B8464D5005FA8A3 /* Sources */,
				6C12CF7D2B8464D5005FA8A3 /* Frameworks */,
				6C12CF7E2B8464D5005FA8A3 /* Resources */,
			);
			buildRules = (
			);
			dependencies = (
			);
			name = BatteryLevelWidget;
			packageProductDependencies = (
				6C12CF852B8464D5005FA8A3 /* RealityKitContent */,
			);
			productName = BatteryLevelWidget;
			productReference = 6C12CF802B8464D5005FA8A3 /* BatteryLevelWidget.app */;
			productType = "com.apple.product-type.application";
		};
		6C12CF942B8464D7005FA8A3 /* BatteryLevelWidgetTests */ = {
			isa = PBXNativeTarget;
			buildConfigurationList = 6C12CFA02B8464D7005FA8A3 /* Build configuration list for PBXNativeTarget "BatteryLevelWidgetTests" */;
			buildPhases = (
				6C12CF912B8464D7005FA8A3 /* Sources */,
				6C12CF922B8464D7005FA8A3 /* Frameworks */,
				6C12CF932B8464D7005FA8A3 /* Resources */,
			);
			buildRules = (
			);
			dependencies = (
				6C12CF972B8464D7005FA8A3 /* PBXTargetDependency */,
			);
			name = BatteryLevelWidgetTests;
			productName = BatteryLevelWidgetTests;
			productReference = 6C12CF952B8464D7005FA8A3 /* BatteryLevelWidgetTests.xctest */;
			productType = "com.apple.product-type.bundle.unit-test";
		};
/* End PBXNativeTarget section */

/* Begin PBXProject section */
		6C12CF782B8464D5005FA8A3 /* Project object */ = {
			isa = PBXProject;
			attributes = {
				BuildIndependentTargetsInParallel = 1;
				LastSwiftUpdateCheck = 1520;
				LastUpgradeCheck = 1520;
				TargetAttributes = {
					6C12CF7F2B8464D5005FA8A3 = {
						CreatedOnToolsVersion = 15.2;
					};
					6C12CF942B8464D7005FA8A3 = {
						CreatedOnToolsVersion = 15.2;
						TestTargetID = 6C12CF7F2B8464D5005FA8A3;
					};
				};
			};
			buildConfigurationList = 6C12CF7B2B8464D5005FA8A3 /* Build configuration list for PBXProject "BatteryLevelWidget" */;
			compatibilityVersion = "Xcode 14.0";
			developmentRegion = en;
			hasScannedForEncodings = 0;
			knownRegions = (
				en,
				Base,
			);
			mainGroup = 6C12CF772B8464D5005FA8A3;
			productRefGroup = 6C12CF812B8464D5005FA8A3 /* Products */;
			projectDirPath = "";
			projectRoot = "";
			targets = (
				6C12CF7F2B8464D5005FA8A3 /* BatteryLevelWidget */,
				6C12CF942B8464D7005FA8A3 /* BatteryLevelWidgetTests */,
			);
		};
/* End PBXProject section */

/* Begin PBXResourcesBuildPhase section */
		6C12CF7E2B8464D5005FA8A3 /* Resources */ = {
			isa = PBXResourcesBuildPhase;
			buildActionMask = 2147483647;
			files = (
				6C12CF8F2B8464D7005FA8A3 /* Preview Assets.xcassets in Resources */,
				6C12CF8C2B8464D7005FA8A3 /* Assets.xcassets in Resources */,
			);
			runOnlyForDeploymentPostprocessing = 0;
		};
		6C12CF932B8464D7005FA8A3 /* Resources */ = {
			isa = PBXResourcesBuildPhase;
			buildActionMask = 2147483647;
			files = (
			);
			runOnlyForDeploymentPostprocessing = 0;
		};
/* End PBXResourcesBuildPhase section */

/* Begin PBXSourcesBuildPhase section */
		6C12CF7C2B8464D5005FA8A3 /* Sources */ = {
			isa = PBXSourcesBuildPhase;
			buildActionMask = 2147483647;
			files = (
				6C12CF8A2B8464D5005FA8A3 /* ContentView.swift in Sources */,
				6C12CF882B8464D5005FA8A3 /* BatteryLevelWidgetApp.swift in Sources */,
			);
			runOnlyForDeploymentPostprocessing = 0;
		};
		6C12CF912B8464D7005FA8A3 /* Sources */ = {
			isa = PBXSourcesBuildPhase;
			buildActionMask = 2147483647;
			files = (
				6C12CF9A2B8464D7005FA8A3 /* BatteryLevelWidgetTests.swift in Sources */,
			);
			runOnlyForDeploymentPostprocessing = 0;
		};
/* End PBXSourcesBuildPhase section */

/* Begin PBXTargetDependency section */
		6C12CF972B8464D7005FA8A3 /* PBXTargetDependency */ = {
			isa = PBXTargetDependency;
			target = 6C12CF7F2B8464D5005FA8A3 /* BatteryLevelWidget */;
			targetProxy = 6C12CF962B8464D7005FA8A3 /* PBXContainerItemProxy */;
		};
/* End PBXTargetDependency section */

/* Begin XCBuildConfiguration section */
		6C12CF9B2B8464D7005FA8A3 /* Debug */ = {
			isa = XCBuildConfiguration;
			buildSettings = {
				ALWAYS_SEARCH_USER_PATHS = NO;
				ASSETCATALOG_COMPILER_GENERATE_SWIFT_ASSET_SYMBOL_EXTENSIONS = YES;
				CLANG_ANALYZER_NONNULL = YES;
				CLANG_ANALYZER_NUMBER_OBJECT_CONVERSION = YES_AGGRESSIVE;
				CLANG_CXX_LANGUAGE_STANDARD = "gnu++20";
				CLANG_ENABLE_MODULES = YES;
				CLANG_ENABLE_OBJC_ARC = YES;
				CLANG_ENABLE_OBJC_WEAK = YES;
				CLANG_WARN_BLOCK_CAPTURE_AUTORELEASING = YES;
				CLANG_WARN_BOOL_CONVERSION = YES;
				CLANG_WARN_COMMA = YES;
				CLANG_WARN_CONSTANT_CONVERSION = YES;
				CLANG_WARN_DEPRECATED_OBJC_IMPLEMENTATIONS = YES;
				CLANG_WARN_DIRECT_OBJC_ISA_USAGE = YES_ERROR;
				CLANG_WARN_DOCUMENTATION_COMMENTS = YES;
				CLANG_WARN_EMPTY_BODY = YES;
				CLANG_WARN_ENUM_CONVERSION = YES;
				CLANG_WARN_INFINITE_RECURSION = YES;
				CLANG_WARN_INT_CONVERSION = YES;
				CLANG_WARN_NON_LITERAL_NULL_CONVERSION = YES;
				CLANG_WARN_OBJC_IMPLICIT_RETAIN_SELF = YES;
				CLANG_WARN_OBJC_LITERAL_CONVERSION = YES;
				CLANG_WARN_OBJC_ROOT_CLASS = YES_ERROR;
				CLANG_WARN_QUOTED_INCLUDE_IN_FRAMEWORK_HEADER = YES;
				CLANG_WARN_RANGE_LOOP_ANALYSIS = YES;
				CLANG_WARN_STRICT_PROTOTYPES = YES;
				CLANG_WARN_SUSPICIOUS_MOVE = YES;
				CLANG_WARN_UNGUARDED_AVAILABILITY = YES_AGGRESSIVE;
				CLANG_WARN_UNREACHABLE_CODE = YES;
				CLANG_WARN__DUPLICATE_METHOD_MATCH = YES;
				COPY_PHASE_STRIP = NO;
				DEBUG_INFORMATION_FORMAT = dwarf;
				ENABLE_STRICT_OBJC_MSGSEND = YES;
				ENABLE_TESTABILITY = YES;
				ENABLE_USER_SCRIPT_SANDBOXING = YES;
				GCC_C_LANGUAGE_STANDARD = gnu17;
				GCC_DYNAMIC_NO_PIC = NO;
				GCC_NO_COMMON_BLOCKS = YES;
				GCC_OPTIMIZATION_LEVEL = 0;
				GCC_PREPROCESSOR_DEFINITIONS = (
					"DEBUG=1",
					"$(inherited)",
				);
				GCC_WARN_64_TO_32_BIT_CONVERSION = YES;
				GCC_WARN_ABOUT_RETURN_TYPE = YES_ERROR;
				GCC_WARN_UNDECLARED_SELECTOR = YES;
				GCC_WARN_UNINITIALIZED_AUTOS = YES_AGGRESSIVE;
				GCC_WARN_UNUSED_FUNCTION = YES;
				GCC_WARN_UNUSED_VARIABLE = YES;
				LOCALIZATION_PREFERS_STRING_CATALOGS = YES;
				MTL_ENABLE_DEBUG_INFO = INCLUDE_SOURCE;
				MTL_FAST_MATH = YES;
				ONLY_ACTIVE_ARCH = YES;
				SDKROOT = xros;
				SWIFT_ACTIVE_COMPILATION_CONDITIONS = "DEBUG $(inherited)";
				SWIFT_OPTIMIZATION_LEVEL = "-Onone";
				XROS_DEPLOYMENT_TARGET = 1.0;
			};
			name = Debug;
		};
		6C12CF9C2B8464D7005FA8A3 /* Release */ = {
			isa = XCBuildConfiguration;
			buildSettings = {
				ALWAYS_SEARCH_USER_PATHS = NO;
				ASSETCATALOG_COMPILER_GENERATE_SWIFT_ASSET_SYMBOL_EXTENSIONS = YES;
				CLANG_ANALYZER_NONNULL = YES;
				CLANG_ANALYZER_NUMBER_OBJECT_CONVERSION = YES_AGGRESSIVE;
				CLANG_CXX_LANGUAGE_STANDARD = "gnu++20";
				CLANG_ENABLE_MODULES = YES;
				CLANG_ENABLE_OBJC_ARC = YES;
				CLANG_ENABLE_OBJC_WEAK = YES;
				CLANG_WARN_BLOCK_CAPTURE_AUTORELEASING = YES;
				CLANG_WARN_BOOL_CONVERSION = YES;
				CLANG_WARN_COMMA = YES;
				CLANG_WARN_CONSTANT_CONVERSION = YES;
				CLANG_WARN_DEPRECATED_OBJC_IMPLEMENTATIONS = YES;
				CLANG_WARN_DIRECT_OBJC_ISA_USAGE = YES_ERROR;
				CLANG_WARN_DOCUMENTATION_COMMENTS = YES;
				CLANG_WARN_EMPTY_BODY = YES;
				CLANG_WARN_ENUM_CONVERSION = YES;
				CLANG_WARN_INFINITE_RECURSION = YES;
				CLANG_WARN_INT_CONVERSION = YES;
				CLANG_WARN_NON_LITERAL_NULL_CONVERSION = YES;
				CLANG_WARN_OBJC_IMPLICIT_RETAIN_SELF = YES;
				CLANG_WARN_OBJC_LITERAL_CONVERSION = YES;
				CLANG_WARN_OBJC_ROOT_CLASS = YES_ERROR;
				CLANG_WARN_QUOTED_INCLUDE_IN_FRAMEWORK_HEADER = YES;
				CLANG_WARN_RANGE_LOOP_ANALYSIS = YES;
				CLANG_WARN_STRICT_PROTOTYPES = YES;
				CLANG_WARN_SUSPICIOUS_MOVE = YES;
				CLANG_WARN_UNGUARDED_AVAILABILITY = YES_AGGRESSIVE;
				CLANG_WARN_UNREACHABLE_CODE = YES;
				CLANG_WARN__DUPLICATE_METHOD_MATCH = YES;
				COPY_PHASE_STRIP = NO;
				DEBUG_INFORMATION_FORMAT = "dwarf-with-dsym";
				ENABLE_NS_ASSERTIONS = NO;
				ENABLE_STRICT_OBJC_MSGSEND = YES;
				ENABLE_USER_SCRIPT_SANDBOXING = YES;
				GCC_C_LANGUAGE_STANDARD = gnu17;
				GCC_NO_COMMON_BLOCKS = YES;
				GCC_WARN_64_TO_32_BIT_CONVERSION = YES;
				GCC_WARN_ABOUT_RETURN_TYPE = YES_ERROR;
				GCC_WARN_UNDECLARED_SELECTOR = YES;
				GCC_WARN_UNINITIALIZED_AUTOS = YES_AGGRESSIVE;
				GCC_WARN_UNUSED_FUNCTION = YES;
				GCC_WARN_UNUSED_VARIABLE = YES;
				LOCALIZATION_PREFERS_STRING_CATALOGS = YES;
				MTL_ENABLE_DEBUG_INFO = NO;
				MTL_FAST_MATH = YES;
				SDKROOT = xros;
				SWIFT_COMPILATION_MODE = wholemodule;
				VALIDATE_PRODUCT = YES;
				XROS_DEPLOYMENT_TARGET = 1.0;
			};
			name = Release;
		};
		6C12CF9E2B8464D7005FA8A3 /* Debug */ = {
			isa = XCBuildConfiguration;
			buildSettings = {
				ASSETCATALOG_COMPILER_APPICON_NAME = AppIcon;
				ASSETCATALOG_COMPILER_GLOBAL_ACCENT_COLOR_NAME = AccentColor;
				CODE_SIGN_STYLE = Automatic;
				CURRENT_PROJECT_VERSION = 1;
				DEVELOPMENT_ASSET_PATHS = "\"BatteryLevelWidget/Preview Content\"";
				DEVELOPMENT_TEAM = 46QSP33EUF;
				ENABLE_PREVIEWS = YES;
				GENERATE_INFOPLIST_FILE = YES;
				INFOPLIST_FILE = "$(TARGET_NAME)/Info.plist";
				LD_RUNPATH_SEARCH_PATHS = (
					"$(inherited)",
					"@executable_path/Frameworks",
				);
				MARKETING_VERSION = 1.0;
				PRODUCT_BUNDLE_IDENTIFIER = com.jasoncantor.BatteryLevelWidget;
				PRODUCT_NAME = "$(TARGET_NAME)";
				SUPPORTED_PLATFORMS = "xros xrsimulator";
				SWIFT_EMIT_LOC_STRINGS = YES;
				SWIFT_VERSION = 5.0;
				TARGETED_DEVICE_FAMILY = "1,2,7";
			};
			name = Debug;
		};
		6C12CF9F2B8464D7005FA8A3 /* Release */ = {
			isa = XCBuildConfiguration;
			buildSettings = {
				ASSETCATALOG_COMPILER_APPICON_NAME = AppIcon;
				ASSETCATALOG_COMPILER_GLOBAL_ACCENT_COLOR_NAME = AccentColor;
				CODE_SIGN_STYLE = Automatic;
				CURRENT_PROJECT_VERSION = 1;
				DEVELOPMENT_ASSET_PATHS = "\"BatteryLevelWidget/Preview Content\"";
				DEVELOPMENT_TEAM = 46QSP33EUF;
				ENABLE_PREVIEWS = YES;
				GENERATE_INFOPLIST_FILE = YES;
				INFOPLIST_FILE = "$(TARGET_NAME)/Info.plist";
				LD_RUNPATH_SEARCH_PATHS = (
					"$(inherited)",
					"@executable_path/Frameworks",
				);
				MARKETING_VERSION = 1.0;
				PRODUCT_BUNDLE_IDENTIFIER = com.jasoncantor.BatteryLevelWidget;
				PRODUCT_NAME = "$(TARGET_NAME)";
				SUPPORTED_PLATFORMS = "xros xrsimulator";
				SWIFT_EMIT_LOC_STRINGS = YES;
				SWIFT_VERSION = 5.0;
				TARGETED_DEVICE_FAMILY = "1,2,7";
			};
			name = Release;
		};
		6C12CFA12B8464D7005FA8A3 /* Debug */ = {
			isa = XCBuildConfiguration;
			buildSettings = {
				ALWAYS_EMBED_SWIFT_STANDARD_LIBRARIES = YES;
				BUNDLE_LOADER = "$(TEST_HOST)";
				CODE_SIGN_STYLE = Automatic;
				CURRENT_PROJECT_VERSION = 1;
				DEVELOPMENT_TEAM = 46QSP33EUF;
				GENERATE_INFOPLIST_FILE = YES;
				MARKETING_VERSION = 1.0;
				PRODUCT_BUNDLE_IDENTIFIER = com.jasoncantor.BatteryLevelWidgetTests;
				PRODUCT_NAME = "$(TARGET_NAME)";
				SUPPORTED_PLATFORMS = "xros xrsimulator";
				SWIFT_EMIT_LOC_STRINGS = NO;
				SWIFT_VERSION = 5.0;
				TARGETED_DEVICE_FAMILY = "1,2,7";
				TEST_HOST = "$(BUILT_PRODUCTS_DIR)/BatteryLevelWidget.app/$(BUNDLE_EXECUTABLE_FOLDER_PATH)/BatteryLevelWidget";
				XROS_DEPLOYMENT_TARGET = 1.0;
			};
			name = Debug;
		};
		6C12CFA22B8464D7005FA8A3 /* Release */ = {
			isa = XCBuildConfiguration;
			buildSettings = {
				ALWAYS_EMBED_SWIFT_STANDARD_LIBRARIES = YES;
				BUNDLE_LOADER = "$(TEST_HOST)";
				CODE_SIGN_STYLE = Automatic;
				CURRENT_PROJECT_VERSION = 1;
				DEVELOPMENT_TEAM = 46QSP33EUF;
				GENERATE_INFOPLIST_FILE = YES;
				MARKETING_VERSION = 1.0;
				PRODUCT_BUNDLE_IDENTIFIER = com.jasoncantor.BatteryLevelWidgetTests;
				PRODUCT_NAME = "$(TARGET_NAME)";
				SUPPORTED_PLATFORMS = "xros xrsimulator";
				SWIFT_EMIT_LOC_STRINGS = NO;
				SWIFT_VERSION = 5.0;
				TARGETED_DEVICE_FAMILY = "1,2,7";
				TEST_HOST = "$(BUILT_PRODUCTS_DIR)/BatteryLevelWidget.app/$(BUNDLE_EXECUTABLE_FOLDER_PATH)/BatteryLevelWidget";
				XROS_DEPLOYMENT_TARGET = 1.0;
			};
			name = Release;
		};
/* End XCBuildConfiguration section */

/* Begin XCConfigurationList section */
		6C12CF7B2B8464D5005FA8A3 /* Build configuration list for PBXProject "BatteryLevelWidget" */ = {
			isa = XCConfigurationList;
			buildConfigurations = (
				6C12CF9B2B8464D7005FA8A3 /* Debug */,
				6C12CF9C2B8464D7005FA8A3 /* Release */,
			);
			defaultConfigurationIsVisible = 0;
			defaultConfigurationName = Release;
		};
		6C12CF9D2B8464D7005FA8A3 /* Build configuration list for PBXNativeTarget "BatteryLevelWidget" */ = {
			isa = XCConfigurationList;
			buildConfigurations = (
				6C12CF9E2B8464D7005FA8A3 /* Debug */,
				6C12CF9F2B8464D7005FA8A3 /* Release */,
			);
			defaultConfigurationIsVisible = 0;
			defaultConfigurationName = Release;
		};
		6C12CFA02B8464D7005FA8A3 /* Build configuration list for PBXNativeTarget "BatteryLevelWidgetTests" */ = {
			isa = XCConfigurationList;
			buildConfigurations = (
				6C12CFA12B8464D7005FA8A3 /* Debug */,
				6C12CFA22B8464D7005FA8A3 /* Release */,
			);
			defaultConfigurationIsVisible = 0;
			defaultConfigurationName = Release;
		};
/* End XCConfigurationList section */

/* Begin XCSwiftPackageProductDependency section */
		6C12CF852B8464D5005FA8A3 /* RealityKitContent */ = {
			isa = XCSwiftPackageProductDependency;
			productName = RealityKitContent;
		};
/* End XCSwiftPackageProductDependency section */
	};
	rootObject = 6C12CF782B8464D5005FA8A3 /* Project object */;
}
